{
  "lockfileVersion": 1,
  "configVersion": 1,
  "workspaces": {
    "": {
      "name": "fulpui-patches",
      "dependencies": {
        "@types/marked": "^4.0.8",
        "ace-builds": "^1.43.5",
      },
    },
  },
  "packages": {
    "@types/marked": ["@types/marked@4.3.2", "", {}, "sha512-a79Yc3TOk6dGdituy8hmTTJXjOkZ7zsFYV10L337ttq/rec8lRMDBpV7fL3uLx6TgbFCa5DU/h8FmIBQPSbU0w=="],

    "ace-builds": ["ace-builds@1.44.0", "", {}, "sha512-PFNMSYqFdEUkul2Ntud0HvA09AgY+F1ag0UYdpMH60wNI/qOA8cB8tlTgoALMEwIdUPJK2CjrIQ7OnbiSS/ugQ=="],
  }
}
